<?xml version="1.0" encoding="utf-8"?>
<Project ToolsVersion="4.0" xmlns="http://schemas.microsoft.com/developer/msbuild/2003">
  <ItemGroup>
    <Filter Include="소스 파일">
      <UniqueIdentifier>{4FC737F1-C7A5-4376-A066-2A32D752A2FF}</UniqueIdentifier>
      <Extensions>cpp;c;cc;cxx;def;odl;idl;hpj;bat;asm;asmx</Extensions>
    </Filter>
    <Filter Include="헤더 파일">
      <UniqueIdentifier>{93995380-89BD-4b04-88EB-625FBE52EBFB}</UniqueIdentifier>
      <Extensions>h;hh;hpp;hxx;hm;inl;inc;ipp;xsd</Extensions>
    </Filter>
    <Filter Include="리소스 파일">
      <UniqueIdentifier>{67DA6AB6-F800-4c08-8B7A-83BB121AAD01}</UniqueIdentifier>
      <Extensions>rc;ico;cur;bmp;dlg;rc2;rct;bin;rgs;gif;jpg;jpeg;jpe;resx;tiff;tif;png;wav;mfcribbon-ms</Extensions>
    </Filter>
  </ItemGroup>
  <ItemGroup>
    <ClInclude Include="stdafx.h">
      <Filter>헤더 파일</Filter>
    </ClInclude>
    <ClInclude Include="targetver.h">
      <Filter>헤더 파일</Filter>
    </ClInclude>
    <ClInclude Include="Person.h">
      <Filter>헤더 파일</Filter>
    </ClInclude>
    <ClInclude Include="Deltext.h">
      <Filter>헤더 파일</Filter>
    </ClInclude>
    <ClInclude Include="Lentext.h">
      <Filter>헤더 파일</Filter>
    </ClInclude>
    <ClInclude Include="Fixtext.h">
      <Filter>헤더 파일</Filter>
    </ClInclude>
    <ClInclude Include="Iobuffer.h">
      <Filter>헤더 파일</Filter>
    </ClInclude>
    <ClInclude Include="Varlen.h">
      <Filter>헤더 파일</Filter>
    </ClInclude>
    <ClInclude Include="Delim.h">
      <Filter>헤더 파일</Filter>
    </ClInclude>
    <ClInclude Include="Length.h">
      <Filter>헤더 파일</Filter>
    </ClInclude>
    <ClInclude Include="Fixlen.h">
      <Filter>헤더 파일</Filter>
    </ClInclude>
    <ClInclude Include="Fixfld.h">
      <Filter>헤더 파일</Filter>
    </ClInclude>
    <ClInclude Include="Buffile.h">
      <Filter>헤더 파일</Filter>
    </ClInclude>
    <ClInclude Include="Recfile.h">
      <Filter>헤더 파일</Filter>
    </ClInclude>
    <ClInclude Include="Recording.h">
      <Filter>헤더 파일</Filter>
    </ClInclude>
    <ClInclude Include="student.h">
      <Filter>헤더 파일</Filter>
    </ClInclude>
  </ItemGroup>
  <ItemGroup>
    <ClCompile Include="stdafx.cpp">
      <Filter>소스 파일</Filter>
    </ClCompile>
    <ClCompile Include="FileStructure_Chap4.cpp">
      <Filter>소스 파일</Filter>
    </ClCompile>
    <ClCompile Include="Person.cpp">
      <Filter>소스 파일</Filter>
    </ClCompile>
    <ClCompile Include="Deltext.cpp">
      <Filter>소스 파일</Filter>
    </ClCompile>
    <ClCompile Include="Lentext.cpp">
      <Filter>소스 파일</Filter>
    </ClCompile>
    <ClCompile Include="Fixtext.cpp">
      <Filter>소스 파일</Filter>
    </ClCompile>
    <ClCompile Include="Test.cpp">
      <Filter>소스 파일</Filter>
    </ClCompile>
    <ClCompile Include="Testpack.cpp">
      <Filter>소스 파일</Filter>
    </ClCompile>
    <ClCompile Include="Iobuffer.cpp">
      <Filter>소스 파일</Filter>
    </ClCompile>
    <ClCompile Include="Varlen.cpp">
      <Filter>소스 파일</Filter>
    </ClCompile>
    <ClCompile Include="Delim.cpp">
      <Filter>소스 파일</Filter>
    </ClCompile>
    <ClCompile Include="Length.cpp">
      <Filter>소스 파일</Filter>
    </ClCompile>
    <ClCompile Include="Fixlen.cpp">
      <Filter>소스 파일</Filter>
    </ClCompile>
    <ClCompile Include="Fixfld.cpp">
      <Filter>소스 파일</Filter>
    </ClCompile>
    <ClCompile Include="Buffile.cpp">
      <Filter>소스 파일</Filter>
    </ClCompile>
    <ClCompile Include="TestPersonUnpack.cpp">
      <Filter>소스 파일</Filter>
    </ClCompile>
    <ClCompile Include="TestBuffile.cpp">
      <Filter>소스 파일</Filter>
    </ClCompile>
    <ClCompile Include="TestRecordFile.cpp">
      <Filter>소스 파일</Filter>
    </ClCompile>
    <ClCompile Include="TestBuffile2.cpp">
      <Filter>소스 파일</Filter>
    </ClCompile>
    <ClCompile Include="TestOpen.cpp">
      <Filter>소스 파일</Filter>
    </ClCompile>
    <ClCompile Include="Recording.cpp">
      <Filter>소스 파일</Filter>
    </ClCompile>
    <ClCompile Include="Makerec.cpp">
      <Filter>소스 파일</Filter>
    </ClCompile>
    <ClCompile Include="Student.cpp">
      <Filter>소스 파일</Filter>
    </ClCompile>
  </ItemGroup>
</Project>